
Microsoft Visual Studio Solution File, Format Version 12.00
# Visual Studio 15
VisualStudioVersion = 15.0.27130.2010
MinimumVisualStudioVersion = 10.0.40219.1
Project("{FAE04EC0-301F-11D3-BF4B-00C04F79EFBC}") = "ruvseq", "ruvseq.csproj", "{C6AD5A00-9379-4E20-9542-DFBCF176184E}"
EndProject
Project("{FAE04EC0-301F-11D3-BF4B-00C04F79EFBC}") = "RProcesses", "RProcesses\RProcesses.csproj", "{A0C4EB0B-BA3B-4C8C-AF49-9C972D15B0A9}"
EndProject
Global
	GlobalSection(SolutionConfigurationPlatforms) = preSolution
		Debug|Any CPU = Debug|Any CPU
		Release|Any CPU = Release|Any CPU
	EndGlobalSection
	GlobalSection(ProjectConfigurationPlatforms) = postSolution
		{C6AD5A00-9379-4E20-9542-DFBCF176184E}.Debug|Any CPU.ActiveCfg = Debug|Any CPU
		{C6AD5A00-9379-4E20-9542-DFBCF176184E}.Debug|Any CPU.Build.0 = Debug|Any CPU
		{C6AD5A00-9379-4E20-9542-DFBCF176184E}.Release|Any CPU.ActiveCfg = Release|Any CPU
		{C6AD5A00-9379-4E20-9542-DFBCF176184E}.Release|Any CPU.Build.0 = Release|Any CPU
		{A0C4EB0B-BA3B-4C8C-AF49-9C972D15B0A9}.Debug|Any CPU.ActiveCfg = Debug|Any CPU
		{A0C4EB0B-BA3B-4C8C-AF49-9C972D15B0A9}.Debug|Any CPU.Build.0 = Debug|Any CPU
		{A0C4EB0B-BA3B-4C8C-AF49-9C972D15B0A9}.Release|Any CPU.ActiveCfg = Release|Any CPU
		{A0C4EB0B-BA3B-4C8C-AF49-9C972D15B0A9}.Release|Any CPU.Build.0 = Release|Any CPU
	EndGlobalSection
	GlobalSection(SolutionProperties) = preSolution
		HideSolutionNode = FALSE
	EndGlobalSection
	GlobalSection(ExtensibilityGlobals) = postSolution
		SolutionGuid = {EF061F65-6982-4BD4-9305-CFB62BD397A7}
	EndGlobalSection
EndGlobal
